
Microsoft Visual Studio Solution File, Format Version 12.00
# Visual Studio Version 16
VisualStudioVersion = 16.0.28803.352
MinimumVisualStudioVersion = 10.0.40219.1
Project("{FAE04EC0-301F-11D3-BF4B-00C04F79EFBC}") = "EntityRelations_EstudyOne", "EntityRelations_EstudyOne\EntityRelations_EstudyOne.csproj", "{812294BC-13C3-437A-AB19-527C67891D40}"
EndProject
Global
	GlobalSection(SolutionConfigurationPlatforms) = preSolution
		Debug|Any CPU = Debug|Any CPU
		Release|Any CPU = Release|Any CPU
	EndGlobalSection
	GlobalSection(ProjectConfigurationPlatforms) = postSolution
		{812294BC-13C3-437A-AB19-527C67891D40}.Debug|Any CPU.ActiveCfg = Debug|Any CPU
		{812294BC-13C3-437A-AB19-527C67891D40}.Debug|Any CPU.Build.0 = Debug|Any CPU
		{812294BC-13C3-437A-AB19-527C67891D40}.Release|Any CPU.ActiveCfg = Release|Any CPU
		{812294BC-13C3-437A-AB19-527C67891D40}.Release|Any CPU.Build.0 = Release|Any CPU
	EndGlobalSection
	GlobalSection(SolutionProperties) = preSolution
		HideSolutionNode = FALSE
	EndGlobalSection
	GlobalSection(ExtensibilityGlobals) = postSolution
		SolutionGuid = {E347E852-E207-4FE6-9BD4-F0ED04D5AF5C}
	EndGlobalSection
EndGlobal
